
Microsoft Visual Studio Solution File, Format Version 12.00
# Visual Studio Version 17
VisualStudioVersion = 17.9.34728.123
MinimumVisualStudioVersion = 10.0.40219.1
Project("{FAE04EC0-301F-11D3-BF4B-00C04F79EFBC}") = "project final", "project final\project final.csproj", "{2EA0414F-2C45-4AA5-8223-4CA238B7B139}"
EndProject
Global
	GlobalSection(SolutionConfigurationPlatforms) = preSolution
		Debug|Any CPU = Debug|Any CPU
		Release|Any CPU = Release|Any CPU
	EndGlobalSection
	GlobalSection(ProjectConfigurationPlatforms) = postSolution
		{2EA0414F-2C45-4AA5-8223-4CA238B7B139}.Debug|Any CPU.ActiveCfg = Debug|Any CPU
		{2EA0414F-2C45-4AA5-8223-4CA238B7B139}.Debug|Any CPU.Build.0 = Debug|Any CPU
		{2EA0414F-2C45-4AA5-8223-4CA238B7B139}.Release|Any CPU.ActiveCfg = Release|Any CPU
		{2EA0414F-2C45-4AA5-8223-4CA238B7B139}.Release|Any CPU.Build.0 = Release|Any CPU
	EndGlobalSection
	GlobalSection(SolutionProperties) = preSolution
		HideSolutionNode = FALSE
	EndGlobalSection
	GlobalSection(ExtensibilityGlobals) = postSolution
		SolutionGuid = {A0A2AD75-4F77-426B-BF4F-2C6DC4925C68}
	EndGlobalSection
EndGlobal
